// !$*UTF8*$!
{
	archiveVersion = 1;
	classes = {
	};
	objectVersion = 56;
	objects = {

/* Begin PBXBuildFile section */
		C94A02412FADDF970059A4F5 /* TenderTimelinePlannerApp.swift in Sources */ = {isa = PBXBuildFile; fileRef = C94A02402FADDF970059A4F5 /* TenderTimelinePlannerApp.swift */; };
		C94A02452FADDF9D0059A4F5 /* Assets.xcassets in Resources */ = {isa = PBXBuildFile; fileRef = C94A02442FADDF9D0059A4F5 /* Assets.xcassets */; };
		C94A02482FADDF9D0059A4F5 /* Preview Assets.xcassets in Resources */ = {isa = PBXBuildFile; fileRef = C94A02472FADDF9D0059A4F5 /* Preview Assets.xcassets */; };
		C94A02562FADE04D0059A4F5 /* DurationType.swift in Sources */ = {isa = PBXBuildFile; fileRef = C94A02502FADE04B0059A4F5 /* DurationType.swift */; };
		C94A02572FADE04D0059A4F5 /* TimelineCalculator.swift in Sources */ = {isa = PBXBuildFile; fileRef = C94A02512FADE04B0059A4F5 /* TimelineCalculator.swift */; };
		C94A02582FADE04D0059A4F5 /* TimelineStage.swift in Sources */ = {isa = PBXBuildFile; fileRef = C94A02522FADE04C0059A4F5 /* TimelineStage.swift */; };
		C96536862FAE7CBC00966C71 /* ContentView.swift in Sources */ = {isa = PBXBuildFile; fileRef = C96536852FAE7CBC00966C71 /* ContentView.swift */; };
		C96536882FAE8F0400966C71 /* TimelineModels.swift in Sources */ = {isa = PBXBuildFile; fileRef = C96536872FAE8F0300966C71 /* TimelineModels.swift */; };
		C965368A2FAE91B700966C71 /* TimelineDateCalculator.swift in Sources */ = {isa = PBXBuildFile; fileRef = C96536892FAE91B700966C71 /* TimelineDateCalculator.swift */; };
		C965368C2FAE920800966C71 /* TimelineTemplates.swift in Sources */ = {isa = PBXBuildFile; fileRef = C965368B2FAE920800966C71 /* TimelineTemplates.swift */; };
		C965368E2FAF340F00966C71 /* EditStageView.swift in Sources */ = {isa = PBXBuildFile; fileRef = C965368D2FAF340F00966C71 /* EditStageView.swift */; };
		C96536902FAFC21800966C71 /* AddCustomStepView.swift in Sources */ = {isa = PBXBuildFile; fileRef = C965368F2FAFC21800966C71 /* AddCustomStepView.swift */; };
		C96536922FAFC5FA00966C71 /* ShareSheet.swift in Sources */ = {isa = PBXBuildFile; fileRef = C96536912FAFC5FA00966C71 /* ShareSheet.swift */; };
		C96536942FAFCA7100966C71 /* GanttExportView.swift in Sources */ = {isa = PBXBuildFile; fileRef = C96536932FAFCA7100966C71 /* GanttExportView.swift */; };
		C99365112FAE175A00D44FCC /* TimelineDetailView.swift in Sources */ = {isa = PBXBuildFile; fileRef = C99365102FAE175A00D44FCC /* TimelineDetailView.swift */; };
		C99365132FAE325E00D44FCC /* Color+Hex.swift in Sources */ = {isa = PBXBuildFile; fileRef = C99365122FAE325E00D44FCC /* Color+Hex.swift */; };
		C9A18D3E2FADE29E00C445FF /* TemplateStage.swift in Sources */ = {isa = PBXBuildFile; fileRef = C9A18D3D2FADE29E00C445FF /* TemplateStage.swift */; };
		C9A18D402FADE90900C445FF /* AboutView.swift in Sources */ = {isa = PBXBuildFile; fileRef = C9A18D3F2FADE90900C445FF /* AboutView.swift */; };
		C9A18D422FADECF400C445FF /* SavedTimelineView.swift in Sources */ = {isa = PBXBuildFile; fileRef = C9A18D412FADECF400C445FF /* SavedTimelineView.swift */; };
/* End PBXBuildFile section */

/* Begin PBXFileReference section */
		C94A023D2FADDF970059A4F5 /* TenderTimelinePlanner.app */ = {isa = PBXFileReference; explicitFileType = wrapper.application; includeInIndex = 0; path = TenderTimelinePlanner.app; sourceTree = BUILT_PRODUCTS_DIR; };
		C94A02402FADDF970059A4F5 /* TenderTimelinePlannerApp.swift */ = {isa = PBXFileReference; lastKnownFileType = sourcecode.swift; path = TenderTimelinePlannerApp.swift; sourceTree = "<group>"; };
		C94A02442FADDF9D0059A4F5 /* Assets.xcassets */ = {isa = PBXFileReference; lastKnownFileType = folder.assetcatalog; path = Assets.xcassets; sourceTree = "<group>"; };
		C94A02472FADDF9D0059A4F5 /* Preview Assets.xcassets */ = {isa = PBXFileReference; lastKnownFileType = folder.assetcatalog; path = "Preview Assets.xcassets"; sourceTree = "<group>"; };
		C94A02502FADE04B0059A4F5 /* DurationType.swift */ = {isa = PBXFileReference; fileEncoding = 4; lastKnownFileType = sourcecode.swift; path = DurationType.swift; sourceTree = "<group>"; };
		C94A02512FADE04B0059A4F5 /* TimelineCalculator.swift */ = {isa = PBXFileReference; fileEncoding = 4; lastKnownFileType = sourcecode.swift; path = TimelineCalculator.swift; sourceTree = "<group>"; };
		C94A02522FADE04C0059A4F5 /* TimelineStage.swift */ = {isa = PBXFileReference; fileEncoding = 4; lastKnownFileType = sourcecode.swift; path = TimelineStage.swift; sourceTree = "<group>"; };
		C96536852FAE7CBC00966C71 /* ContentView.swift */ = {isa = PBXFileReference; lastKnownFileType = sourcecode.swift; path = ContentView.swift; sourceTree = "<group>"; };
		C96536872FAE8F0300966C71 /* TimelineModels.swift */ = {isa = PBXFileReference; lastKnownFileType = sourcecode.swift; path = TimelineModels.swift; sourceTree = "<group>"; };
		C96536892FAE91B700966C71 /* TimelineDateCalculator.swift */ = {isa = PBXFileReference; lastKnownFileType = sourcecode.swift; path = TimelineDateCalculator.swift; sourceTree = "<group>"; };
		C965368B2FAE920800966C71 /* TimelineTemplates.swift */ = {isa = PBXFileReference; lastKnownFileType = sourcecode.swift; path = TimelineTemplates.swift; sourceTree = "<group>"; };
		C965368D2FAF340F00966C71 /* EditStageView.swift */ = {isa = PBXFileReference; lastKnownFileType = sourcecode.swift; path = EditStageView.swift; sourceTree = "<group>"; };
		C965368F2FAFC21800966C71 /* AddCustomStepView.swift */ = {isa = PBXFileReference; lastKnownFileType = sourcecode.swift; path = AddCustomStepView.swift; sourceTree = "<group>"; };
		C96536912FAFC5FA00966C71 /* ShareSheet.swift */ = {isa = PBXFileReference; lastKnownFileType = sourcecode.swift; path = ShareSheet.swift; sourceTree = "<group>"; };
		C96536932FAFCA7100966C71 /* GanttExportView.swift */ = {isa = PBXFileReference; lastKnownFileType = sourcecode.swift; path = GanttExportView.swift; sourceTree = "<group>"; };
		C99365102FAE175A00D44FCC /* TimelineDetailView.swift */ = {isa = PBXFileReference; lastKnownFileType = sourcecode.swift; path = TimelineDetailView.swift; sourceTree = "<group>"; };
		C99365122FAE325E00D44FCC /* Color+Hex.swift */ = {isa = PBXFileReference; lastKnownFileType = sourcecode.swift; path = "Color+Hex.swift"; sourceTree = "<group>"; };
		C9A18D3D2FADE29E00C445FF /* TemplateStage.swift */ = {isa = PBXFileReference; fileEncoding = 4; lastKnownFileType = sourcecode.swift; path = TemplateStage.swift; sourceTree = "<group>"; };
		C9A18D3F2FADE90900C445FF /* AboutView.swift */ = {isa = PBXFileReference; lastKnownFileType = sourcecode.swift; path = AboutView.swift; sourceTree = "<group>"; };
		C9A18D412FADECF400C445FF /* SavedTimelineView.swift */ = {isa = PBXFileReference; lastKnownFileType = sourcecode.swift; path = SavedTimelineView.swift; sourceTree = "<group>"; };
/* End PBXFileReference section */

/* Begin PBXFrameworksBuildPhase section */
		C94A023A2FADDF960059A4F5 /* Frameworks */ = {
			isa = PBXFrameworksBuildPhase;
			buildActionMask = 2147483647;
			files = (
			);
			runOnlyForDeploymentPostprocessing = 0;
		};
/* End PBXFrameworksBuildPhase section */

/* Begin PBXGroup section */
		C94A02342FADDF960059A4F5 = {
			isa = PBXGroup;
			children = (
				C94A023F2FADDF970059A4F5 /* TenderTimelinePlanner */,
				C94A023E2FADDF970059A4F5 /* Products */,
			);
			sourceTree = "<group>";
		};
		C94A023E2FADDF970059A4F5 /* Products */ = {
			isa = PBXGroup;
			children = (
				C94A023D2FADDF970059A4F5 /* TenderTimelinePlanner.app */,
			);
			name = Products;
			sourceTree = "<group>";
		};
		C94A023F2FADDF970059A4F5 /* TenderTimelinePlanner */ = {
			isa = PBXGroup;
			children = (
				C9A18D3F2FADE90900C445FF /* AboutView.swift */,
				C965368F2FAFC21800966C71 /* AddCustomStepView.swift */,
				C99365122FAE325E00D44FCC /* Color+Hex.swift */,
				C96536852FAE7CBC00966C71 /* ContentView.swift */,
				C94A02502FADE04B0059A4F5 /* DurationType.swift */,
				C965368D2FAF340F00966C71 /* EditStageView.swift */,
				C96536932FAFCA7100966C71 /* GanttExportView.swift */,
				C9A18D412FADECF400C445FF /* SavedTimelineView.swift */,
				C96536912FAFC5FA00966C71 /* ShareSheet.swift */,
				C9A18D3D2FADE29E00C445FF /* TemplateStage.swift */,
				C94A02512FADE04B0059A4F5 /* TimelineCalculator.swift */,
				C94A02522FADE04C0059A4F5 /* TimelineStage.swift */,
				C96536892FAE91B700966C71 /* TimelineDateCalculator.swift */,
				C99365102FAE175A00D44FCC /* TimelineDetailView.swift */,
				C96536872FAE8F0300966C71 /* TimelineModels.swift */,
				C965368B2FAE920800966C71 /* TimelineTemplates.swift */,
				C94A02402FADDF970059A4F5 /* TenderTimelinePlannerApp.swift */,
				C94A02442FADDF9D0059A4F5 /* Assets.xcassets */,
				C94A02462FADDF9D0059A4F5 /* Preview Content */,
			);
			path = TenderTimelinePlanner;
			sourceTree = "<group>";
		};
		C94A02462FADDF9D0059A4F5 /* Preview Content */ = {
			isa = PBXGroup;
			children = (
				C94A02472FADDF9D0059A4F5 /* Preview Assets.xcassets */,
			);
			path = "Preview Content";
			sourceTree = "<group>";
		};
/* End PBXGroup section */

/* Begin PBXNativeTarget section */
		C94A023C2FADDF960059A4F5 /* TenderTimelinePlanner */ = {
			isa = PBXNativeTarget;
			buildConfigurationList = C94A024B2FADDF9D0059A4F5 /* Build configuration list for PBXNativeTarget "TenderTimelinePlanner" */;
			buildPhases = (
				C94A02392FADDF960059A4F5 /* Sources */,
				C94A023A2FADDF960059A4F5 /* Frameworks */,
				C94A023B2FADDF960059A4F5 /* Resources */,
			);
			buildRules = (
			);
			dependencies = (
			);
			name = TenderTimelinePlanner;
			productName = TenderTimelinePlanner;
			productReference = C94A023D2FADDF970059A4F5 /* TenderTimelinePlanner.app */;
			productType = "com.apple.product-type.application";
		};
/* End PBXNativeTarget section */

/* Begin PBXProject section */
		C94A02352FADDF960059A4F5 /* Project object */ = {
			isa = PBXProject;
			attributes = {
				BuildIndependentTargetsInParallel = 1;
				LastSwiftUpdateCheck = 1420;
				LastUpgradeCheck = 1420;
				TargetAttributes = {
					C94A023C2FADDF960059A4F5 = {
						CreatedOnToolsVersion = 14.2;
					};
				};
			};
			buildConfigurationList = C94A02382FADDF960059A4F5 /* Build configuration list for PBXProject "TenderTimelinePlanner" */;
			compatibilityVersion = "Xcode 14.0";
			developmentRegion = en;
			hasScannedForEncodings = 0;
			knownRegions = (
				en,
				Base,
			);
			mainGroup = C94A02342FADDF960059A4F5;
			productRefGroup = C94A023E2FADDF970059A4F5 /* Products */;
			projectDirPath = "";
			projectRoot = "";
			targets = (
				C94A023C2FADDF960059A4F5 /* TenderTimelinePlanner */,
			);
		};
/* End PBXProject section */

/* Begin PBXResourcesBuildPhase section */
		C94A023B2FADDF960059A4F5 /* Resources */ = {
			isa = PBXResourcesBuildPhase;
			buildActionMask = 2147483647;
			files = (
				C94A02482FADDF9D0059A4F5 /* Preview Assets.xcassets in Resources */,
				C94A02452FADDF9D0059A4F5 /* Assets.xcassets in Resources */,
			);
			runOnlyForDeploymentPostprocessing = 0;
		};
/* End PBXResourcesBuildPhase section */

/* Begin PBXSourcesBuildPhase section */
		C94A02392FADDF960059A4F5 /* Sources */ = {
			isa = PBXSourcesBuildPhase;
			buildActionMask = 2147483647;
			files = (
				C96536882FAE8F0400966C71 /* TimelineModels.swift in Sources */,
				C94A02572FADE04D0059A4F5 /* TimelineCalculator.swift in Sources */,
				C96536942FAFCA7100966C71 /* GanttExportView.swift in Sources */,
				C94A02582FADE04D0059A4F5 /* TimelineStage.swift in Sources */,
				C96536902FAFC21800966C71 /* AddCustomStepView.swift in Sources */,
				C965368E2FAF340F00966C71 /* EditStageView.swift in Sources */,
				C94A02562FADE04D0059A4F5 /* DurationType.swift in Sources */,
				C9A18D422FADECF400C445FF /* SavedTimelineView.swift in Sources */,
				C96536922FAFC5FA00966C71 /* ShareSheet.swift in Sources */,
				C94A02412FADDF970059A4F5 /* TenderTimelinePlannerApp.swift in Sources */,
				C965368A2FAE91B700966C71 /* TimelineDateCalculator.swift in Sources */,
				C99365132FAE325E00D44FCC /* Color+Hex.swift in Sources */,
				C9A18D402FADE90900C445FF /* AboutView.swift in Sources */,
				C9A18D3E2FADE29E00C445FF /* TemplateStage.swift in Sources */,
				C96536862FAE7CBC00966C71 /* ContentView.swift in Sources */,
				C99365112FAE175A00D44FCC /* TimelineDetailView.swift in Sources */,
				C965368C2FAE920800966C71 /* TimelineTemplates.swift in Sources */,
			);
			runOnlyForDeploymentPostprocessing = 0;
		};
/* End PBXSourcesBuildPhase section */

/* Begin XCBuildConfiguration section */
		C94A02492FADDF9D0059A4F5 /* Debug */ = {
			isa = XCBuildConfiguration;
			buildSettings = {
				ALWAYS_SEARCH_USER_PATHS = NO;
				CLANG_ANALYZER_NONNULL = YES;
				CLANG_ANALYZER_NUMBER_OBJECT_CONVERSION = YES_AGGRESSIVE;
				CLANG_CXX_LANGUAGE_STANDARD = "gnu++20";
				CLANG_ENABLE_MODULES = YES;
				CLANG_ENABLE_OBJC_ARC = YES;
				CLANG_ENABLE_OBJC_WEAK = YES;
				CLANG_WARN_BLOCK_CAPTURE_AUTORELEASING = YES;
				CLANG_WARN_BOOL_CONVERSION = YES;
				CLANG_WARN_COMMA = YES;
				CLANG_WARN_CONSTANT_CONVERSION = YES;
				CLANG_WARN_DEPRECATED_OBJC_IMPLEMENTATIONS = YES;
				CLANG_WARN_DIRECT_OBJC_ISA_USAGE = YES_ERROR;
				CLANG_WARN_DOCUMENTATION_COMMENTS = YES;
				CLANG_WARN_EMPTY_BODY = YES;
				CLANG_WARN_ENUM_CONVERSION = YES;
				CLANG_WARN_INFINITE_RECURSION = YES;
				CLANG_WARN_INT_CONVERSION = YES;
				CLANG_WARN_NON_LITERAL_NULL_CONVERSION = YES;
				CLANG_WARN_OBJC_IMPLICIT_RETAIN_SELF = YES;
				CLANG_WARN_OBJC_LITERAL_CONVERSION = YES;
				CLANG_WARN_OBJC_ROOT_CLASS = YES_ERROR;
				CLANG_WARN_QUOTED_INCLUDE_IN_FRAMEWORK_HEADER = YES;
				CLANG_WARN_RANGE_LOOP_ANALYSIS = YES;
				CLANG_WARN_STRICT_PROTOTYPES = YES;
				CLANG_WARN_SUSPICIOUS_MOVE = YES;
				CLANG_WARN_UNGUARDED_AVAILABILITY = YES_AGGRESSIVE;
				CLANG_WARN_UNREACHABLE_CODE = YES;
				CLANG_WARN__DUPLICATE_METHOD_MATCH = YES;
				COPY_PHASE_STRIP = NO;
				DEBUG_INFORMATION_FORMAT = dwarf;
				ENABLE_STRICT_OBJC_MSGSEND = YES;
				ENABLE_TESTABILITY = YES;
				GCC_C_LANGUAGE_STANDARD = gnu11;
				GCC_DYNAMIC_NO_PIC = NO;
				GCC_NO_COMMON_BLOCKS = YES;
				GCC_OPTIMIZATION_LEVEL = 0;
				GCC_PREPROCESSOR_DEFINITIONS = (
					"DEBUG=1",
					"$(inherited)",
				);
				GCC_WARN_64_TO_32_BIT_CONVERSION = YES;
				GCC_WARN_ABOUT_RETURN_TYPE = YES_ERROR;
				GCC_WARN_UNDECLARED_SELECTOR = YES;
				GCC_WARN_UNINITIALIZED_AUTOS = YES_AGGRESSIVE;
				GCC_WARN_UNUSED_FUNCTION = YES;
				GCC_WARN_UNUSED_VARIABLE = YES;
				IPHONEOS_DEPLOYMENT_TARGET = 16.2;
				MTL_ENABLE_DEBUG_INFO = INCLUDE_SOURCE;
				MTL_FAST_MATH = YES;
				ONLY_ACTIVE_ARCH = YES;
				SDKROOT = iphoneos;
				SWIFT_ACTIVE_COMPILATION_CONDITIONS = DEBUG;
				SWIFT_OPTIMIZATION_LEVEL = "-Onone";
			};
			name = Debug;
		};
		C94A024A2FADDF9D0059A4F5 /* Release */ = {
			isa = XCBuildConfiguration;
			buildSettings = {
				ALWAYS_SEARCH_USER_PATHS = NO;
				CLANG_ANALYZER_NONNULL = YES;
				CLANG_ANALYZER_NUMBER_OBJECT_CONVERSION = YES_AGGRESSIVE;
				CLANG_CXX_LANGUAGE_STANDARD = "gnu++20";
				CLANG_ENABLE_MODULES = YES;
				CLANG_ENABLE_OBJC_ARC = YES;
				CLANG_ENABLE_OBJC_WEAK = YES;
				CLANG_WARN_BLOCK_CAPTURE_AUTORELEASING = YES;
				CLANG_WARN_BOOL_CONVERSION = YES;
				CLANG_WARN_COMMA = YES;
				CLANG_WARN_CONSTANT_CONVERSION = YES;
				CLANG_WARN_DEPRECATED_OBJC_IMPLEMENTATIONS = YES;
				CLANG_WARN_DIRECT_OBJC_ISA_USAGE = YES_ERROR;
				CLANG_WARN_DOCUMENTATION_COMMENTS = YES;
				CLANG_WARN_EMPTY_BODY = YES;
				CLANG_WARN_ENUM_CONVERSION = YES;
				CLANG_WARN_INFINITE_RECURSION = YES;
				CLANG_WARN_INT_CONVERSION = YES;
				CLANG_WARN_NON_LITERAL_NULL_CONVERSION = YES;
				CLANG_WARN_OBJC_IMPLICIT_RETAIN_SELF = YES;
				CLANG_WARN_OBJC_LITERAL_CONVERSION = YES;
				CLANG_WARN_OBJC_ROOT_CLASS = YES_ERROR;
				CLANG_WARN_QUOTED_INCLUDE_IN_FRAMEWORK_HEADER = YES;
				CLANG_WARN_RANGE_LOOP_ANALYSIS = YES;
				CLANG_WARN_STRICT_PROTOTYPES = YES;
				CLANG_WARN_SUSPICIOUS_MOVE = YES;
				CLANG_WARN_UNGUARDED_AVAILABILITY = YES_AGGRESSIVE;
				CLANG_WARN_UNREACHABLE_CODE = YES;
				CLANG_WARN__DUPLICATE_METHOD_MATCH = YES;
				COPY_PHASE_STRIP = NO;
				DEBUG_INFORMATION_FORMAT = "dwarf-with-dsym";
				ENABLE_NS_ASSERTIONS = NO;
				ENABLE_STRICT_OBJC_MSGSEND = YES;
				GCC_C_LANGUAGE_STANDARD = gnu11;
				GCC_NO_COMMON_BLOCKS = YES;
				GCC_WARN_64_TO_32_BIT_CONVERSION = YES;
				GCC_WARN_ABOUT_RETURN_TYPE = YES_ERROR;
				GCC_WARN_UNDECLARED_SELECTOR = YES;
				GCC_WARN_UNINITIALIZED_AUTOS = YES_AGGRESSIVE;
				GCC_WARN_UNUSED_FUNCTION = YES;
				GCC_WARN_UNUSED_VARIABLE = YES;
				IPHONEOS_DEPLOYMENT_TARGET = 16.2;
				MTL_ENABLE_DEBUG_INFO = NO;
				MTL_FAST_MATH = YES;
				SDKROOT = iphoneos;
				SWIFT_COMPILATION_MODE = wholemodule;
				SWIFT_OPTIMIZATION_LEVEL = "-O";
				VALIDATE_PRODUCT = YES;
			};
			name = Release;
		};
		C94A024C2FADDF9D0059A4F5 /* Debug */ = {
			isa = XCBuildConfiguration;
			buildSettings = {
				ASSETCATALOG_COMPILER_APPICON_NAME = AppIcon;
				ASSETCATALOG_COMPILER_GLOBAL_ACCENT_COLOR_NAME = AccentColor;
				CODE_SIGN_STYLE = Automatic;
				CURRENT_PROJECT_VERSION = 1;
				DEVELOPMENT_ASSET_PATHS = "\"TenderTimelinePlanner/Preview Content\"";
				DEVELOPMENT_TEAM = SQ769RMW98;
				ENABLE_PREVIEWS = YES;
				GENERATE_INFOPLIST_FILE = YES;
				INFOPLIST_KEY_CFBundleDisplayName = "Tender Tineline";
				INFOPLIST_KEY_LSApplicationCategoryType = "public.app-category.business";
				INFOPLIST_KEY_UIApplicationSceneManifest_Generation = YES;
				INFOPLIST_KEY_UIApplicationSupportsIndirectInputEvents = YES;
				INFOPLIST_KEY_UILaunchScreen_Generation = YES;
				INFOPLIST_KEY_UISupportedInterfaceOrientations_iPad = "UIInterfaceOrientationPortrait UIInterfaceOrientationPortraitUpsideDown UIInterfaceOrientationLandscapeLeft UIInterfaceOrientationLandscapeRight";
				INFOPLIST_KEY_UISupportedInterfaceOrientations_iPhone = "UIInterfaceOrientationPortrait UIInterfaceOrientationLandscapeLeft UIInterfaceOrientationLandscapeRight";
				LD_RUNPATH_SEARCH_PATHS = (
					"$(inherited)",
					"@executable_path/Frameworks",
				);
				MARKETING_VERSION = 1.0;
				PRODUCT_BUNDLE_IDENTIFIER = com.danielwarnock.tendertimelineplanner;
				PRODUCT_NAME = "$(TARGET_NAME)";
				SWIFT_EMIT_LOC_STRINGS = YES;
				SWIFT_VERSION = 5.0;
				TARGETED_DEVICE_FAMILY = "1,2";
			};
			name = Debug;
		};
		C94A024D2FADDF9D0059A4F5 /* Release */ = {
			isa = XCBuildConfiguration;
			buildSettings = {
				ASSETCATALOG_COMPILER_APPICON_NAME = AppIcon;
				ASSETCATALOG_COMPILER_GLOBAL_ACCENT_COLOR_NAME = AccentColor;
				CODE_SIGN_STYLE = Automatic;
				CURRENT_PROJECT_VERSION = 1;
				DEVELOPMENT_ASSET_PATHS = "\"TenderTimelinePlanner/Preview Content\"";
				DEVELOPMENT_TEAM = SQ769RMW98;
				ENABLE_PREVIEWS = YES;
				GENERATE_INFOPLIST_FILE = YES;
				INFOPLIST_KEY_CFBundleDisplayName = "Tender Tineline";
				INFOPLIST_KEY_LSApplicationCategoryType = "public.app-category.business";
				INFOPLIST_KEY_UIApplicationSceneManifest_Generation = YES;
				INFOPLIST_KEY_UIApplicationSupportsIndirectInputEvents = YES;
				INFOPLIST_KEY_UILaunchScreen_Generation = YES;
				INFOPLIST_KEY_UISupportedInterfaceOrientations_iPad = "UIInterfaceOrientationPortrait UIInterfaceOrientationPortraitUpsideDown UIInterfaceOrientationLandscapeLeft UIInterfaceOrientationLandscapeRight";
				INFOPLIST_KEY_UISupportedInterfaceOrientations_iPhone = "UIInterfaceOrientationPortrait UIInterfaceOrientationLandscapeLeft UIInterfaceOrientationLandscapeRight";
				LD_RUNPATH_SEARCH_PATHS = (
					"$(inherited)",
					"@executable_path/Frameworks",
				);
				MARKETING_VERSION = 1.0;
				PRODUCT_BUNDLE_IDENTIFIER = com.danielwarnock.tendertimelineplanner;
				PRODUCT_NAME = "$(TARGET_NAME)";
				SWIFT_EMIT_LOC_STRINGS = YES;
				SWIFT_VERSION = 5.0;
				TARGETED_DEVICE_FAMILY = "1,2";
			};
			name = Release;
		};
/* End XCBuildConfiguration section */

/* Begin XCConfigurationList section */
		C94A02382FADDF960059A4F5 /* Build configuration list for PBXProject "TenderTimelinePlanner" */ = {
			isa = XCConfigurationList;
			buildConfigurations = (
				C94A02492FADDF9D0059A4F5 /* Debug */,
				C94A024A2FADDF9D0059A4F5 /* Release */,
			);
			defaultConfigurationIsVisible = 0;
			defaultConfigurationName = Release;
		};
		C94A024B2FADDF9D0059A4F5 /* Build configuration list for PBXNativeTarget "TenderTimelinePlanner" */ = {
			isa = XCConfigurationList;
			buildConfigurations = (
				C94A024C2FADDF9D0059A4F5 /* Debug */,
				C94A024D2FADDF9D0059A4F5 /* Release */,
			);
			defaultConfigurationIsVisible = 0;
			defaultConfigurationName = Release;
		};
/* End XCConfigurationList section */
	};
	rootObject = C94A02352FADDF960059A4F5 /* Project object */;
}
